schema: '2.0'
stages:
  convert_data:
    cmd: python src/utils/xml2csv.py data/data.xml data/data.csv
    deps:
    - path: data/data.xml
      hash: md5
      md5: dde0af8371bde3d3656918b4a3f3cb62
      size: 14445121
    - path: src/utils/xml2csv.py
      hash: md5
      md5: 3d5c893b5ce3fff8414391ede5eb5046
      size: 570
    outs:
    - path: data/data.csv
      hash: md5
      md5: da61166615498858c698d63ca0b7733d
      size: 10340108
  process_data:
    cmd: python src/utils/process_data.py data/data.csv data/processed_data.csv
    deps:
    - path: data/data.csv
      hash: md5
      md5: da61166615498858c698d63ca0b7733d
      size: 10340108
    outs:
    - path: data/processed_data.csv
      hash: md5
      md5: 5aca583829b7d019722dde2453a05aa5
      size: 10067768
  train_model:
    cmd: python src/utils/train_model.py data/processed_data.csv models/model.pkl
    deps:
    - path: data/processed_data.csv
      hash: md5
      md5: 5aca583829b7d019722dde2453a05aa5
      size: 10067768
    outs:
    - path: metrics.json
      hash: md5
      md5: 9bf3aca1462823f8e034b3039b19dd45
      size: 25
    - path: models/model.pkl
      hash: md5
      md5: 37a176df608defe302c9aa08c822864c
      size: 8182281
